
Microsoft Visual Studio Solution File, Format Version 12.00
# Visual Studio Version 17
VisualStudioVersion = 17.9.34728.123
MinimumVisualStudioVersion = 10.0.40219.1
Project("{FAE04EC0-301F-11D3-BF4B-00C04F79EFBC}") = "Restaurants.API", "Restaurants.API\Restaurants.API.csproj", "{07CD232E-6DEC-4364-8EB2-E939217CD53B}"
EndProject
Global
	GlobalSection(SolutionConfigurationPlatforms) = preSolution
		Debug|Any CPU = Debug|Any CPU
		Release|Any CPU = Release|Any CPU
	EndGlobalSection
	GlobalSection(ProjectConfigurationPlatforms) = postSolution
		{07CD232E-6DEC-4364-8EB2-E939217CD53B}.Debug|Any CPU.ActiveCfg = Debug|Any CPU
		{07CD232E-6DEC-4364-8EB2-E939217CD53B}.Debug|Any CPU.Build.0 = Debug|Any CPU
		{07CD232E-6DEC-4364-8EB2-E939217CD53B}.Release|Any CPU.ActiveCfg = Release|Any CPU
		{07CD232E-6DEC-4364-8EB2-E939217CD53B}.Release|Any CPU.Build.0 = Release|Any CPU
	EndGlobalSection
	GlobalSection(SolutionProperties) = preSolution
		HideSolutionNode = FALSE
	EndGlobalSection
	GlobalSection(ExtensibilityGlobals) = postSolution
		SolutionGuid = {CEB88C59-9FC0-4646-8204-6187303E24DE}
	EndGlobalSection
EndGlobal
